github.com/BurntSushi/toml v0.3.1 h1:WXkYYl6Yr3qBf1K79EBnL4mak0OimBfB0XUf9Vl28OQ=
github.com/BurntSushi/toml v0.3.1/go.mod h1:xHWCNGjB5oqiDr8zfno3MHue2Ht5sIBksp03qcyfWMU=
github.com/PuerkitoBio/goquery v1.5.0/go.mod h1:qD2PgZ9lccMbQlc7eEOjaeRlFQON7xY8kdmcsrnKqMg=
github.com/PuerkitoBio/goquery v1.5.1-0.20190109230704-3dcf72e6c17f h1:cWOyRTtBcTBjB0c+GyaQaXgP3g1HVM1KbvZL/Q5QNAM=
github.com/PuerkitoBio/goquery v1.5.1-0.20190109230704-3dcf72e6c17f/go.mod h1:qD2PgZ9lccMbQlc7eEOjaeRlFQON7xY8kdmcsrnKqMg=
github.com/andybalholm/cascadia v1.0.0/go.mod h1:GsXiBklL0woXo1j/WYWtSYYC4ouU9PqHO0sqidkEA4Y=
github.com/andybalholm/cascadia v1.0.1-0.20181012154424-680b6a57bda4 h1:0VxwDG1tnYzSd2wMWuTjZtwdm5ZB0Drjt+HaJHeCho0=
github.com/andybalholm/cascadia v1.0.1-0.20181012154424-680b6a57bda4/go.mod h1:GsXiBklL0woXo1j/WYWtSYYC4ouU9PqHO0sqidkEA4Y=
github.com/avast/retry-go v0.0.0-20180502193734-611bd93c6d74 h1:Sj0DupYg2fytb4L069IN2IZ0Gm+Ks/Q7ZFJY8Ggjs8o=
github.com/avast/retry-go v0.0.0-20180502193734-611bd93c6d74/go.mod h1:XtSnn+n/sHqQIpZ10K1qAevBhOOCWBLXXy3hyiqqBrY=
github.com/codegangsta/cli v1.20.0/go.mod h1:/qJNoX69yVSKu5o4jLyXAENLRyk1uhi7zkbQ3slBdOA=
github.com/davecgh/go-spew v1.1.0/go.mod h1:J7Y8YcW2NihsgmVo/mv3lAwl/skON4iLHjSsI+c5H38=
github.com/davecgh/go-spew v1.1.1 h1:vj9j/u1bqnvCEfJOwUhtlOARqs3+rkHYY13jYWTU97c=
github.com/davecgh/go-spew v1.1.1/go.mod h1:J7Y8YcW2NihsgmVo/mv3lAwl/skON4iLHjSsI+c5H38=
github.com/golang-jwt/jwt/v4 v4.2.0 h1:besgBTC8w8HjP6NzQdxwKH9Z5oQMZ24ThTrHp3cZ8eU=
github.com/golang-jwt/jwt/v4 v4.2.0/go.mod h1:/xlHOz8bRuivTWchD4jCa+NbatV+wEUSzwAxVc6locg=
github.com/golang/glog v0.0.0-20160126235308-23def4e6c14b h1:VKtxabqXZkF25pY9ekfRL6a582T4P37/31XEstQ5p58=
github.com/golang/glog v0.0.0-20160126235308-23def4e6c14b/go.mod h1:SBH7ygxi8pfUlaOkMMuAQtPIUF8ecWP5IEl/CR7VP2Q=
github.com/goodsign/monday v0.0.0-20190214151228-5432518a29cd h1:XS7gyDbY1Ygwm4Hx2T5lMfgZV43N5wt5fH21QuRvVUc=
github.com/goodsign/monday v0.0.0-20190214151228-5432518a29cd/go.mod h1:u85tpSNZDCgHeHt42TxSKGXsjpz+bhxvRbSkLpewiaA=
github.com/mlbright/forecast v0.0.0-20190128001447-949aa473a149 h1:YYxMPLoh8hJ8i2at6pUr8kCuPBJuGm+NtjkmwwIBvPs=
github.com/mlbright/forecast v0.0.0-20190128001447-949aa473a149/go.mod h1:9eJIqUWcU5Iej0TZkR0R3VklbL+TUVdSv+j5u2NnG/I=
github.com/mmcdole/gofeed v1.0.0-beta2.0.20190214070559-bef0272b721d h1:PNG0jOm/cWBMgEpY5mDs0lwuh129MVGu03+sfsvSLQs=
github.com/mmcdole/gofeed v1.0.0-beta2.0.20190214070559-bef0272b721d/go.mod h1:tkVcyzS3qVMlQrQxJoEH1hkTiuo9a8emDzkMi7TZBu0=
github.com/mmcdole/goxpp v0.0.0-20181012175147-0068e33feabf h1:sWGE2v+hO0Nd4yFU/S/mDBM5plIU8v/Qhfz41hkDIAI=
github.com/mmcdole/goxpp v0.0.0-20181012175147-0068e33feabf/go.mod h1:pasqhqstspkosTneA62Nc+2p9SOBBYAPbnmRRWPQ0V8=
github.com/nicksnyder/go-i18n v1.10.1 h1:isfg77E/aCD7+0lD/D00ebR2MV5vgeQ276WYyDaCRQc=
github.com/nicksnyder/go-i18n v1.10.1/go.mod h1:e4Di5xjP9oTVrC6y3C7C0HoSYXjSbhh/dU0eUV32nB4=
github.com/pelletier/go-toml v1.2.0/go.mod h1:5z9KED0ma1S8pY6P1sdut58dfprrGBbd/94hg7ilaic=
github.com/pelletier/go-toml v1.2.1-0.20190322002205-f9070d3b400d h1:/ROEMShOqMdaGxntKYJPcmM35s7H/2etmzS5yAjRw7E=
github.com/pelletier/go-toml v1.2.1-0.20190322002205-f9070d3b400d/go.mod h1:PN7xzY2wHTK0K9p34ErDQMlFxa51Fk0OUruD3k1mMwo=
github.com/pmezard/go-difflib v1.0.0 h1:4DBwDE0NGyQoBHbLQYPwSUPoCMWR5BEzIk/f1lZbAQM=
github.com/pmezard/go-difflib v1.0.0/go.mod h1:iKH77koFhYxTK1pcRnkKkqfTogsbg7gZNVY4sRDYZ/4=
github.com/stretchr/objx v0.1.0/go.mod h1:HFkY916IF+rwdDfMAkV7OtwuqBVzrE8GR6GFx+wExME=
github.com/stretchr/objx v0.4.0/go.mod h1:YvHI0jy2hoMjB+UWwv71VJQ9isScKT/TqJzVSSt89Yw=
github.com/stretchr/testify v1.2.2/go.mod h1:a8OnRcib4nhh0OaRAV+Yts87kKdq0PP7pXfy6kDkUVs=
github.com/stretchr/testify v1.7.1/go.mod h1:6Fq8oRcR53rry900zMqJjRRixrwX3KX962/h/Wwjteg=
github.com/stretchr/testify v1.8.0 h1:pSgiaMZlXftHpm5L7V1+rVB+AZJydKsMxsQBIJw4PKk=
github.com/stretchr/testify v1.8.0/go.mod h1:yNjHg4UonilssWZ8iaSj1OCr/vHnekPRkoO+kdMU+MU=
golang.org/x/crypto v0.0.0-20190308221718-c2843e01d9a2/go.mod h1:djNgcEr1/C05ACkg1iLfiJU5Ep61QUkGW8qpdssI0+w=
golang.org/x/net v0.0.0-20180218175443-cbe0f9307d01/go.mod h1:mL1N/T3taQHkDXs73rZJwtUhF3w3ftmwwsq0BUmARs4=
golang.org/x/net v0.0.0-20181114220301-adae6a3d119a/go.mod h1:mL1N/T3taQHkDXs73rZJwtUhF3w3ftmwwsq0BUmARs4=
golang.org/x/net v0.0.0-20181220203305-927f97764cc3/go.mod h1:mL1N/T3taQHkDXs73rZJwtUhF3w3ftmwwsq0BUmARs4=
golang.org/x/net v0.0.0-20190327214358-63eda1eb0650 h1:XCbwcsP09zrBt1aYht0fASw+ynbEpYr8NnCkIN9nMM0=
golang.org/x/net v0.0.0-20190327214358-63eda1eb0650/go.mod h1:t9HGtf8HONx5eT2rtn7q6eTqICYqUVnKs3thJo3Qplg=
golang.org/x/sys v0.0.0-20190215142949-d0b11bdaac8a/go.mod h1:STP8DvDyc/dI5b8T5hshtkjS+E42TnysNCUPdjciGhY=
golang.org/x/text v0.3.0/go.mod h1:NqM8EUOU14njkJ3fqMW+pc6Ldnwhi/IjpwHt7yyuwOQ=
golang.org/x/text v0.3.1-0.20190327094805-e3703dcdd614 h1:5Fz8qU6CceE1wP1tbPgj1wt74HFQCvR33vQxB+MF0tc=
golang.org/x/text v0.3.1-0.20190327094805-e3703dcdd614/go.mod h1:bEr9sfX3Q8Zfm5fL9x+3itogRgK3+ptLWKqgva+5dAk=
golang.org/x/tools v0.0.0-20180917221912-90fa682c2a6e/go.mod h1:n7NCudcB/nEzxVGmLbDWY5pfWTLqBcC2KZ6jyYvM4mQ=
gopkg.in/check.v1 v0.0.0-20161208181325-20d25e280405 h1:yhCVgyC4o1eVCa2tZl7eS0r+SDo693bJlVdllGtEeKM=
gopkg.in/check.v1 v0.0.0-20161208181325-20d25e280405/go.mod h1:Co6ibVJAznAaIkqp8huTwlJQCZ016jof/cbN4VW5Yz0=
gopkg.in/yaml.v2 v2.2.1/go.mod h1:hI93XBmqTisBFMUTm0b8Fm+jr3Dg1NNxqwp+5A1VGuI=
gopkg.in/yaml.v2 v2.2.2/go.mod h1:hI93XBmqTisBFMUTm0b8Fm+jr3Dg1NNxqwp+5A1VGuI=
gopkg.in/yaml.v2 v2.4.0 h1:D8xgwECY7CYvx+Y2n4sBz93Jn9JRvxdiyyo8CTfuKaY=
gopkg.in/yaml.v2 v2.4.0/go.mod h1:RDklbk79AGWmwhnvt/jBztapEOGDOx6ZbXqjP6csGnQ=
gopkg.in/yaml.v3 v3.0.0-20200313102051-9f266ea9e77c/go.mod h1:K4uyk7z7BCEPqu6E+C64Yfv1cQ7kz7rIZviUmN+EgEM=
gopkg.in/yaml.v3 v3.0.1 h1:fxVm/GzAzEWqLHuvctI91KS9hhNmmWOoWu0XTYJS7CA=
gopkg.in/yaml.v3 v3.0.1/go.mod h1:K4uyk7z7BCEPqu6E+C64Yfv1cQ7kz7rIZviUmN+EgEM=
